
Microsoft Visual Studio Solution File, Format Version 12.00
# Visual Studio 15
VisualStudioVersion = 15.0.27703.2018
MinimumVisualStudioVersion = 10.0.40219.1
Project("{9A19103F-16F7-4668-BE54-9A1E7A4F7556}") = "PositionsLabb.Api", "PositionsLabb.Api\PositionsLabb.Api.csproj", "{58BB95CE-BAC7-4C7C-AE70-6C05052E577D}"
EndProject
Project("{9A19103F-16F7-4668-BE54-9A1E7A4F7556}") = "PositionsLabb.Data", "PositionsLabb.Data\PositionsLabb.Data.csproj", "{7B4356A1-F64B-4881-8C34-E074C2BC0203}"
EndProject
Global
	GlobalSection(SolutionConfigurationPlatforms) = preSolution
		Debug|Any CPU = Debug|Any CPU
		Release|Any CPU = Release|Any CPU
	EndGlobalSection
	GlobalSection(ProjectConfigurationPlatforms) = postSolution
		{58BB95CE-BAC7-4C7C-AE70-6C05052E577D}.Debug|Any CPU.ActiveCfg = Debug|Any CPU
		{58BB95CE-BAC7-4C7C-AE70-6C05052E577D}.Debug|Any CPU.Build.0 = Debug|Any CPU
		{58BB95CE-BAC7-4C7C-AE70-6C05052E577D}.Release|Any CPU.ActiveCfg = Release|Any CPU
		{58BB95CE-BAC7-4C7C-AE70-6C05052E577D}.Release|Any CPU.Build.0 = Release|Any CPU
		{7B4356A1-F64B-4881-8C34-E074C2BC0203}.Debug|Any CPU.ActiveCfg = Debug|Any CPU
		{7B4356A1-F64B-4881-8C34-E074C2BC0203}.Debug|Any CPU.Build.0 = Debug|Any CPU
		{7B4356A1-F64B-4881-8C34-E074C2BC0203}.Release|Any CPU.ActiveCfg = Release|Any CPU
		{7B4356A1-F64B-4881-8C34-E074C2BC0203}.Release|Any CPU.Build.0 = Release|Any CPU
	EndGlobalSection
	GlobalSection(SolutionProperties) = preSolution
		HideSolutionNode = FALSE
	EndGlobalSection
	GlobalSection(ExtensibilityGlobals) = postSolution
		SolutionGuid = {A96463BC-297D-478F-8AD8-253ED386334C}
	EndGlobalSection
EndGlobal
